
Microsoft Visual Studio Solution File, Format Version 12.00
# Visual Studio 2012
Project("{8BC9CEB8-8B4A-11D0-8D11-00A0C91BC942}") = "notifications", "notifications.vcxproj", "{FF5EBCD7-6B1F-380E-345A-818BA0D97CEA}"
EndProject
Global
	GlobalSection(SolutionConfigurationPlatforms) = preSolution
		Debug|Win32 = Debug|Win32
		Debug|x64 = Debug|x64
		Release|Win32 = Release|Win32
		Release|x64 = Release|x64
	EndGlobalSection
	GlobalSection(ProjectConfigurationPlatforms) = postSolution
		{FF5EBCD7-6B1F-380E-345A-818BA0D97CEA}.Debug|Win32.ActiveCfg = Release|Win32
		{FF5EBCD7-6B1F-380E-345A-818BA0D97CEA}.Debug|Win32.Build.0 = Release|Win32
		{FF5EBCD7-6B1F-380E-345A-818BA0D97CEA}.Debug|Win32.Deploy.0 = Release|Win32
		{FF5EBCD7-6B1F-380E-345A-818BA0D97CEA}.Debug|x64.ActiveCfg = Debug|x64
		{FF5EBCD7-6B1F-380E-345A-818BA0D97CEA}.Debug|x64.Build.0 = Debug|x64
		{FF5EBCD7-6B1F-380E-345A-818BA0D97CEA}.Release|Win32.ActiveCfg = Release|Win32
		{FF5EBCD7-6B1F-380E-345A-818BA0D97CEA}.Release|Win32.Build.0 = Release|Win32
		{FF5EBCD7-6B1F-380E-345A-818BA0D97CEA}.Release|x64.ActiveCfg = Release|x64
		{FF5EBCD7-6B1F-380E-345A-818BA0D97CEA}.Release|x64.Build.0 = Release|x64
	EndGlobalSection
	GlobalSection(SolutionProperties) = preSolution
		HideSolutionNode = FALSE
	EndGlobalSection
EndGlobal
